
Microsoft Visual Studio Solution File, Format Version 12.00
# Visual Studio Version 16
VisualStudioVersion = 16.0.31424.327
MinimumVisualStudioVersion = 10.0.40219.1
Project("{FAE04EC0-301F-11D3-BF4B-00C04F79EFBC}") = "Game_Snake", "Game_Snake.csproj", "{3BD22881-64AB-4C74-9AAB-45172CBCFD0B}"
EndProject
Global
	GlobalSection(SolutionConfigurationPlatforms) = preSolution
		Debug|Any CPU = Debug|Any CPU
		Release|Any CPU = Release|Any CPU
	EndGlobalSection
	GlobalSection(ProjectConfigurationPlatforms) = postSolution
		{3BD22881-64AB-4C74-9AAB-45172CBCFD0B}.Debug|Any CPU.ActiveCfg = Debug|Any CPU
		{3BD22881-64AB-4C74-9AAB-45172CBCFD0B}.Debug|Any CPU.Build.0 = Debug|Any CPU
		{3BD22881-64AB-4C74-9AAB-45172CBCFD0B}.Release|Any CPU.ActiveCfg = Release|Any CPU
		{3BD22881-64AB-4C74-9AAB-45172CBCFD0B}.Release|Any CPU.Build.0 = Release|Any CPU
	EndGlobalSection
	GlobalSection(SolutionProperties) = preSolution
		HideSolutionNode = FALSE
	EndGlobalSection
	GlobalSection(ExtensibilityGlobals) = postSolution
		SolutionGuid = {7182D6B9-C339-411B-9C20-5266CE531022}
	EndGlobalSection
EndGlobal
