
Microsoft Visual Studio Solution File, Format Version 12.00
# Visual Studio Version 17
VisualStudioVersion = 17.2.32505.173
MinimumVisualStudioVersion = 10.0.40219.1
Project("{FAE04EC0-301F-11D3-BF4B-00C04F79EFBC}") = "Animation", "Animation.csproj", "{3542A5D3-4184-47B0-80B4-4DA91EEFF929}"
EndProject
Global
	GlobalSection(SolutionConfigurationPlatforms) = preSolution
		Debug|Any CPU = Debug|Any CPU
		Release|Any CPU = Release|Any CPU
	EndGlobalSection
	GlobalSection(ProjectConfigurationPlatforms) = postSolution
		{3542A5D3-4184-47B0-80B4-4DA91EEFF929}.Debug|Any CPU.ActiveCfg = Debug|Any CPU
		{3542A5D3-4184-47B0-80B4-4DA91EEFF929}.Debug|Any CPU.Build.0 = Debug|Any CPU
		{3542A5D3-4184-47B0-80B4-4DA91EEFF929}.Release|Any CPU.ActiveCfg = Release|Any CPU
		{3542A5D3-4184-47B0-80B4-4DA91EEFF929}.Release|Any CPU.Build.0 = Release|Any CPU
	EndGlobalSection
	GlobalSection(SolutionProperties) = preSolution
		HideSolutionNode = FALSE
	EndGlobalSection
	GlobalSection(ExtensibilityGlobals) = postSolution
		SolutionGuid = {F03CA982-7647-48F1-A6A9-74D3B6AE53E9}
	EndGlobalSection
EndGlobal
